{
  "name": "ts-fundamentals",
  "version": "1.0.0",
  "lockfileVersion": 1,
  "requires": true,
  "dependencies": {
    "@types/lodash": {
      "version": "4.14.168",
      "resolved": "https://artifactory.ext.national.com.au:443/artifactory/api/npm/node/@types/lodash/-/lodash-4.14.168.tgz",
      "integrity": "sha1-/iRjLnm3rePxMoka//hsql5c4Ag=",
      "dev": true
    },
    "ansi-regex": {
      "version": "5.0.0",
      "resolved": "https://artifactory.ext.national.com.au:443/artifactory/api/npm/node/ansi-regex/-/ansi-regex-5.0.0.tgz",
      "integrity": "sha1-OIU59VF5vzkznIGvMKZU1p+Hy3U=",
      "dev": true
    },
    "cross-spawn": {
      "version": "7.0.3",
      "resolved": "https://artifactory.ext.national.com.au:443/artifactory/api/npm/node/cross-spawn/-/cross-spawn-7.0.3.tgz",
      "integrity": "sha1-9zqFudXUHQRVUcF34ogtSshXKKY=",
      "dev": true,
      "requires": {
        "path-key": "^3.1.0",
        "shebang-command": "^2.0.0",
        "which": "^2.0.1"
      }
    },
    "duplexer": {
      "version": "0.1.2",
      "resolved": "https://artifactory.ext.national.com.au:443/artifactory/api/npm/node/duplexer/-/duplexer-0.1.2.tgz",
      "integrity": "sha1-Or5DrvODX4rgd9E23c4PJ2sEAOY=",
      "dev": true
    },
    "event-stream": {
      "version": "3.3.4",
      "resolved": "https://artifactory.ext.national.com.au:443/artifactory/api/npm/node/event-stream/-/event-stream-3.3.4.tgz",
      "integrity": "sha1-SrTJoPWlTbkzi0w02Gv86PSzVXE=",
      "dev": true,
      "requires": {
        "duplexer": "~0.1.1",
        "from": "~0",
        "map-stream": "~0.1.0",
        "pause-stream": "0.0.11",
        "split": "0.3",
        "stream-combiner": "~0.0.4",
        "through": "~2.3.1"
      }
    },
    "from": {
      "version": "0.1.7",
      "resolved": "https://artifactory.ext.national.com.au:443/artifactory/api/npm/node/from/-/from-0.1.7.tgz",
      "integrity": "sha1-g8YK/Fi5xWmXAH7Rp2izqzA6RP4=",
      "dev": true
    },
    "isexe": {
      "version": "2.0.0",
      "resolved": "https://artifactory.ext.national.com.au:443/artifactory/api/npm/node/isexe/-/isexe-2.0.0.tgz",
      "integrity": "sha1-6PvzdNxVb/iUehDcsFctYz8s+hA=",
      "dev": true
    },
    "lodash": {
      "version": "4.17.20",
      "resolved": "https://artifactory.ext.national.com.au:443/artifactory/api/npm/node/lodash/-/lodash-4.17.20.tgz",
      "integrity": "sha1-tEqbYpe8tpjxxRo1RaKzs2jVnFI="
    },
    "map-stream": {
      "version": "0.1.0",
      "resolved": "https://artifactory.ext.national.com.au:443/artifactory/api/npm/node/map-stream/-/map-stream-0.1.0.tgz",
      "integrity": "sha1-5WqpTEyAVaFkBKBnS3jyFffI4ZQ=",
      "dev": true
    },
    "node-cleanup": {
      "version": "2.1.2",
      "resolved": "https://artifactory.ext.national.com.au:443/artifactory/api/npm/node/node-cleanup/-/node-cleanup-2.1.2.tgz",
      "integrity": "sha1-esGavSl+Caf3KnFUXZUbUX5N3iw=",
      "dev": true
    },
    "path-key": {
      "version": "3.1.1",
      "resolved": "https://artifactory.ext.national.com.au:443/artifactory/api/npm/node/path-key/-/path-key-3.1.1.tgz",
      "integrity": "sha1-WB9q3mWMu6ZaDTOA3ndTKVBU83U=",
      "dev": true
    },
    "pause-stream": {
      "version": "0.0.11",
      "resolved": "https://artifactory.ext.national.com.au:443/artifactory/api/npm/node/pause-stream/-/pause-stream-0.0.11.tgz",
      "integrity": "sha1-/lo0sMvOErWqaitAPuLnO2AvFEU=",
      "dev": true,
      "requires": {
        "through": "~2.3"
      }
    },
    "ps-tree": {
      "version": "1.2.0",
      "resolved": "https://artifactory.ext.national.com.au:443/artifactory/api/npm/node/ps-tree/-/ps-tree-1.2.0.tgz",
      "integrity": "sha1-XnQluJUIc2zdTyIk0Cj3uz9yLr0=",
      "dev": true,
      "requires": {
        "event-stream": "=3.3.4"
      }
    },
    "shebang-command": {
      "version": "2.0.0",
      "resolved": "https://artifactory.ext.national.com.au:443/artifactory/api/npm/node/shebang-command/-/shebang-command-2.0.0.tgz",
      "integrity": "sha1-zNCvT4g1+9wmW4JGGq8MNmY/NOo=",
      "dev": true,
      "requires": {
        "shebang-regex": "^3.0.0"
      }
    },
    "shebang-regex": {
      "version": "3.0.0",
      "resolved": "https://artifactory.ext.national.com.au:443/artifactory/api/npm/node/shebang-regex/-/shebang-regex-3.0.0.tgz",
      "integrity": "sha1-rhbxZE2HPsrYQ7AwexQzYtTEIXI=",
      "dev": true
    },
    "split": {
      "version": "0.3.3",
      "resolved": "https://artifactory.ext.national.com.au:443/artifactory/api/npm/node/split/-/split-0.3.3.tgz",
      "integrity": "sha1-zQ7qXmOiEd//frDwkcQTPi0N0o8=",
      "dev": true,
      "requires": {
        "through": "2"
      }
    },
    "stream-combiner": {
      "version": "0.0.4",
      "resolved": "https://artifactory.ext.national.com.au:443/artifactory/api/npm/node/stream-combiner/-/stream-combiner-0.0.4.tgz",
      "integrity": "sha1-TV5DPBhSYd3mI8o/RMWGvPXErRQ=",
      "dev": true,
      "requires": {
        "duplexer": "~0.1.1"
      }
    },
    "string-argv": {
      "version": "0.1.2",
      "resolved": "https://artifactory.ext.national.com.au:443/artifactory/api/npm/node/string-argv/-/string-argv-0.1.2.tgz",
      "integrity": "sha1-xbe8A/srEZg7o6cjM90FWed+Rzg=",
      "dev": true
    },
    "strip-ansi": {
      "version": "6.0.0",
      "resolved": "https://artifactory.ext.national.com.au:443/artifactory/api/npm/node/strip-ansi/-/strip-ansi-6.0.0.tgz",
      "integrity": "sha1-CxVx3XZpzNTz4G4U7x7tJiJa5TI=",
      "dev": true,
      "requires": {
        "ansi-regex": "^5.0.0"
      }
    },
    "through": {
      "version": "2.3.8",
      "resolved": "https://artifactory.ext.national.com.au:443/artifactory/api/npm/node/through/-/through-2.3.8.tgz",
      "integrity": "sha1-DdTJ/6q8NXlgsbckEV1+Doai4fU=",
      "dev": true
    },
    "tsc-watch": {
      "version": "4.2.9",
      "resolved": "https://artifactory.ext.national.com.au:443/artifactory/api/npm/node/tsc-watch/-/tsc-watch-4.2.9.tgz",
      "integrity": "sha1-2T/HQjPKTvfuaxLQjA/mrKPhkEQ=",
      "dev": true,
      "requires": {
        "cross-spawn": "^7.0.3",
        "node-cleanup": "^2.1.2",
        "ps-tree": "^1.2.0",
        "string-argv": "^0.1.1",
        "strip-ansi": "^6.0.0"
      }
    },
    "typescript": {
      "version": "4.1.3",
      "resolved": "https://artifactory.ext.national.com.au:443/artifactory/api/npm/node/typescript/-/typescript-4.1.3.tgz",
      "integrity": "sha1-UZ1YK9lMugz4k0x9joRn5HP1O7c=",
      "dev": true
    },
    "which": {
      "version": "2.0.2",
      "resolved": "https://artifactory.ext.national.com.au:443/artifactory/api/npm/node/which/-/which-2.0.2.tgz",
      "integrity": "sha1-fGqN0KY2oDJ+ELWckobu6T8/UbE=",
      "dev": true,
      "requires": {
        "isexe": "^2.0.0"
      }
    }
  }
}
